
Microsoft Visual Studio Solution File, Format Version 12.00
# Visual Studio Version 17
VisualStudioVersion = 17.8.34330.188
MinimumVisualStudioVersion = 10.0.40219.1
Project("{FAE04EC0-301F-11D3-BF4B-00C04F79EFBC}") = "csFloatTracker", "csFloatTracker\csFloatTracker.csproj", "{133E0F8C-5662-475C-B3D9-9D55157D4A3D}"
EndProject
Global
	GlobalSection(SolutionConfigurationPlatforms) = preSolution
		Debug|Any CPU = Debug|Any CPU
		Release|Any CPU = Release|Any CPU
	EndGlobalSection
	GlobalSection(ProjectConfigurationPlatforms) = postSolution
		{133E0F8C-5662-475C-B3D9-9D55157D4A3D}.Debug|Any CPU.ActiveCfg = Debug|Any CPU
		{133E0F8C-5662-475C-B3D9-9D55157D4A3D}.Debug|Any CPU.Build.0 = Debug|Any CPU
		{133E0F8C-5662-475C-B3D9-9D55157D4A3D}.Release|Any CPU.ActiveCfg = Release|Any CPU
		{133E0F8C-5662-475C-B3D9-9D55157D4A3D}.Release|Any CPU.Build.0 = Release|Any CPU
	EndGlobalSection
	GlobalSection(SolutionProperties) = preSolution
		HideSolutionNode = FALSE
	EndGlobalSection
	GlobalSection(ExtensibilityGlobals) = postSolution
		SolutionGuid = {8FD6E836-954B-457D-970F-23C2B3808824}
	EndGlobalSection
EndGlobal
